{
  "name": "Breadcrumbs_navigation",
  "version": "0.1.0",
  "lockfileVersion": 1,
  "requires": true,
  "dependencies": {
    "@types/chrome": {
      "version": "0.0.58",
      "resolved": "https://registry.npmjs.org/@types/chrome/-/chrome-0.0.58.tgz",
      "integrity": "sha512-qyWlw/um4kl9NdkjesPMBkLGWU3ybAW+XnlbI3OMsjEema+jRXvksjNgKJUTC3Qy/dAPu9jjAgh/K9Il0AU06Q==",
      "dev": true,
      "requires": {
        "@types/filesystem": "0.0.28"
      }
    },
    "@types/filesystem": {
      "version": "0.0.28",
      "resolved": "https://registry.npmjs.org/@types/filesystem/-/filesystem-0.0.28.tgz",
      "integrity": "sha1-P9dzWDDyx0E8taxFeAvEWQRpew4=",
      "dev": true,
      "requires": {
        "@types/filewriter": "0.0.28"
      }
    },
    "@types/filewriter": {
      "version": "0.0.28",
      "resolved": "https://registry.npmjs.org/@types/filewriter/-/filewriter-0.0.28.tgz",
      "integrity": "sha1-wFTor02d11205jq8dviFFocU1LM=",
      "dev": true
    },
    "@types/lodash": {
      "version": "4.14.92",
      "resolved": "https://registry.npmjs.org/@types/lodash/-/lodash-4.14.92.tgz",
      "integrity": "sha512-cdvY1fyUGYgG7/i07a/sR5PnD6+Z+ljUrD0CNVf0qj645VvEdLNtZPjvCp4siPy3rQ/KRXMfUATIqi3+9x57Sw=="
    },
    "typescript": {
      "version": "2.2.2",
      "resolved": "https://registry.npmjs.org/typescript/-/typescript-2.2.2.tgz",
      "integrity": "sha1-YGAiUIR5tV/6NotY/uljoD39eww=",
      "dev": true
    }
  }
}
